{
  "pins" : [
    {
      "identity" : "deepdiff",
      "kind" : "remoteSourceControl",
      "location" : "https://github.com/onmyway133/DeepDiff.git",
      "state" : {
        "revision" : "010ebbe1ce5ebeaee37a3d2f4a8c03f0e75b8045",
        "version" : "2.3.1"
      }
    },
    {
      "identity" : "ios-workspaceone-sdk",
      "kind" : "remoteSourceControl",
      "location" : "https://github.com/vmwareairwatchsdk/iOS-WorkspaceONE-SDK",
      "state" : {
        "branch" : "master",
        "revision" : "61a79c6d63d0edbca4c93d1eb215e97a13a070f1"
      }
    },
    {
      "identity" : "micro",
      "kind" : "remoteSourceControl",
      "location" : "https://github.com/onmyway133/Micro.git",
      "state" : {
        "revision" : "92ec0baea923f4cd029f047243fc7b78dc66846f",
        "version" : "1.2.0"
      }
    }
  ],
  "version" : 2
}
