// !$*UTF8*$!
{
	archiveVersion = 1;
	classes = {
	};
	objectVersion = 50;
	objects = {

/* Begin PBXBuildFile section */
		B90AF5AE234DFD5D00EC7705 /* AdvancedSettingsViewController.swift in Sources */ = {isa = PBXBuildFile; fileRef = B90AF5AD234DFD5D00EC7705 /* AdvancedSettingsViewController.swift */; };
		B90AF5B0234E041400EC7705 /* AuthenticationService.swift in Sources */ = {isa = PBXBuildFile; fileRef = B90AF5AF234E041400EC7705 /* AuthenticationService.swift */; };
		B90AF5B5234E04B200EC7705 /* AuthenticationParameters.swift in Sources */ = {isa = PBXBuildFile; fileRef = B90AF5B4234E04B200EC7705 /* AuthenticationParameters.swift */; };
		B936CA9C234E5903006F0945 /* AuthenticatedPresenter.swift in Sources */ = {isa = PBXBuildFile; fileRef = B936CA9B234E5903006F0945 /* AuthenticatedPresenter.swift */; };
		B9834ECC234E2FAD00D6AB2A /* UIViewController+Helpers.swift in Sources */ = {isa = PBXBuildFile; fileRef = B9834ECB234E2FAD00D6AB2A /* UIViewController+Helpers.swift */; };
		B9834ECE234E541300D6AB2A /* AuthenticatedViewController.swift in Sources */ = {isa = PBXBuildFile; fileRef = B9834ECD234E541300D6AB2A /* AuthenticatedViewController.swift */; };
		B98D87DD234C6A5F00BC0259 /* LoginViewController.swift in Sources */ = {isa = PBXBuildFile; fileRef = B98D87DC234C6A5F00BC0259 /* LoginViewController.swift */; };
		B98D87DF234C6AA400BC0259 /* LoginPresenter.swift in Sources */ = {isa = PBXBuildFile; fileRef = B98D87DE234C6AA400BC0259 /* LoginPresenter.swift */; };
		B98D87E2234C704A00BC0259 /* Localizable.strings in Resources */ = {isa = PBXBuildFile; fileRef = B98D87E4234C704A00BC0259 /* Localizable.strings */; };
		B98D87EA234C710E00BC0259 /* LocalizationConstants.swift in Sources */ = {isa = PBXBuildFile; fileRef = B98D87E9234C710E00BC0259 /* LocalizationConstants.swift */; };
		B9F0C57E234C84F00062B812 /* ApplicationScheme.swift in Sources */ = {isa = PBXBuildFile; fileRef = B9F0C57D234C84F00062B812 /* ApplicationScheme.swift */; };
		B9F0C582234C87F60062B812 /* Muli-Regular.ttf in Resources */ = {isa = PBXBuildFile; fileRef = B9F0C581234C87F60062B812 /* Muli-Regular.ttf */; };
		B9F0C587234CDCB50062B812 /* AdvancedSettingsPresenter.swift in Sources */ = {isa = PBXBuildFile; fileRef = B9F0C586234CDCB50062B812 /* AdvancedSettingsPresenter.swift */; };
		E347918823015D6F00996560 /* AppDelegate.swift in Sources */ = {isa = PBXBuildFile; fileRef = E347918723015D6F00996560 /* AppDelegate.swift */; };
		E347918A23015D6F00996560 /* SceneDelegate.swift in Sources */ = {isa = PBXBuildFile; fileRef = E347918923015D6F00996560 /* SceneDelegate.swift */; };
		E347918F23015D6F00996560 /* Main.storyboard in Resources */ = {isa = PBXBuildFile; fileRef = E347918D23015D6F00996560 /* Main.storyboard */; };
		E347919123015D7100996560 /* Assets.xcassets in Resources */ = {isa = PBXBuildFile; fileRef = E347919023015D7100996560 /* Assets.xcassets */; };
		E347919423015D7100996560 /* LaunchScreen.storyboard in Resources */ = {isa = PBXBuildFile; fileRef = E347919223015D7100996560 /* LaunchScreen.storyboard */; };
		E347919F23015D7100996560 /* DBPSampleAppTests.swift in Sources */ = {isa = PBXBuildFile; fileRef = E347919E23015D7100996560 /* DBPSampleAppTests.swift */; };
		E34791AA23015D7100996560 /* DBPSampleAppUITests.swift in Sources */ = {isa = PBXBuildFile; fileRef = E34791A923015D7100996560 /* DBPSampleAppUITests.swift */; };
		E390D6AF2301944F00C70F98 /* Constants.swift in Sources */ = {isa = PBXBuildFile; fileRef = E390D6AE2301944F00C70F98 /* Constants.swift */; };
/* End PBXBuildFile section */

/* Begin PBXContainerItemProxy section */
		E347919B23015D7100996560 /* PBXContainerItemProxy */ = {
			isa = PBXContainerItemProxy;
			containerPortal = E347917C23015D6F00996560 /* Project object */;
			proxyType = 1;
			remoteGlobalIDString = E347918323015D6F00996560;
			remoteInfo = DBPSampleApp;
		};
		E34791A623015D7100996560 /* PBXContainerItemProxy */ = {
			isa = PBXContainerItemProxy;
			containerPortal = E347917C23015D6F00996560 /* Project object */;
			proxyType = 1;
			remoteGlobalIDString = E347918323015D6F00996560;
			remoteInfo = DBPSampleApp;
		};
/* End PBXContainerItemProxy section */

/* Begin PBXCopyFilesBuildPhase section */
		E3103B042345D8FE00199CE0 /* Embed Frameworks */ = {
			isa = PBXCopyFilesBuildPhase;
			buildActionMask = 2147483647;
			dstPath = "";
			dstSubfolderSpec = 10;
			files = (
			);
			name = "Embed Frameworks";
			runOnlyForDeploymentPostprocessing = 0;
		};
/* End PBXCopyFilesBuildPhase section */

/* Begin PBXFileReference section */
		B90AF5AD234DFD5D00EC7705 /* AdvancedSettingsViewController.swift */ = {isa = PBXFileReference; lastKnownFileType = sourcecode.swift; path = AdvancedSettingsViewController.swift; sourceTree = "<group>"; };
		B90AF5AF234E041400EC7705 /* AuthenticationService.swift */ = {isa = PBXFileReference; lastKnownFileType = sourcecode.swift; path = AuthenticationService.swift; sourceTree = "<group>"; };
		B90AF5B4234E04B200EC7705 /* AuthenticationParameters.swift */ = {isa = PBXFileReference; fileEncoding = 4; lastKnownFileType = sourcecode.swift; path = AuthenticationParameters.swift; sourceTree = "<group>"; };
		B936CA9B234E5903006F0945 /* AuthenticatedPresenter.swift */ = {isa = PBXFileReference; lastKnownFileType = sourcecode.swift; path = AuthenticatedPresenter.swift; sourceTree = "<group>"; };
		B9834ECB234E2FAD00D6AB2A /* UIViewController+Helpers.swift */ = {isa = PBXFileReference; lastKnownFileType = sourcecode.swift; path = "UIViewController+Helpers.swift"; sourceTree = "<group>"; };
		B9834ECD234E541300D6AB2A /* AuthenticatedViewController.swift */ = {isa = PBXFileReference; lastKnownFileType = sourcecode.swift; path = AuthenticatedViewController.swift; sourceTree = "<group>"; };
		B98D87DC234C6A5F00BC0259 /* LoginViewController.swift */ = {isa = PBXFileReference; lastKnownFileType = sourcecode.swift; path = LoginViewController.swift; sourceTree = "<group>"; };
		B98D87DE234C6AA400BC0259 /* LoginPresenter.swift */ = {isa = PBXFileReference; lastKnownFileType = sourcecode.swift; path = LoginPresenter.swift; sourceTree = "<group>"; };
		B98D87E3234C704A00BC0259 /* en */ = {isa = PBXFileReference; lastKnownFileType = text.plist.strings; name = en; path = en.lproj/Localizable.strings; sourceTree = "<group>"; };
		B98D87E9234C710E00BC0259 /* LocalizationConstants.swift */ = {isa = PBXFileReference; lastKnownFileType = sourcecode.swift; path = LocalizationConstants.swift; sourceTree = "<group>"; };
		B9F0C57D234C84F00062B812 /* ApplicationScheme.swift */ = {isa = PBXFileReference; lastKnownFileType = sourcecode.swift; path = ApplicationScheme.swift; sourceTree = "<group>"; };
		B9F0C581234C87F60062B812 /* Muli-Regular.ttf */ = {isa = PBXFileReference; lastKnownFileType = file; path = "Muli-Regular.ttf"; sourceTree = "<group>"; };
		B9F0C586234CDCB50062B812 /* AdvancedSettingsPresenter.swift */ = {isa = PBXFileReference; lastKnownFileType = sourcecode.swift; path = AdvancedSettingsPresenter.swift; sourceTree = "<group>"; };
		E3267D27233A367300ED429C /* XCTest.framework */ = {isa = PBXFileReference; lastKnownFileType = wrapper.framework; name = XCTest.framework; path = Platforms/iPhoneOS.platform/Developer/Library/Frameworks/XCTest.framework; sourceTree = DEVELOPER_DIR; };
		E347918423015D6F00996560 /* DBPSampleApp.app */ = {isa = PBXFileReference; explicitFileType = wrapper.application; includeInIndex = 0; path = DBPSampleApp.app; sourceTree = BUILT_PRODUCTS_DIR; };
		E347918723015D6F00996560 /* AppDelegate.swift */ = {isa = PBXFileReference; lastKnownFileType = sourcecode.swift; path = AppDelegate.swift; sourceTree = "<group>"; };
		E347918923015D6F00996560 /* SceneDelegate.swift */ = {isa = PBXFileReference; lastKnownFileType = sourcecode.swift; path = SceneDelegate.swift; sourceTree = "<group>"; };
		E347918E23015D6F00996560 /* Base */ = {isa = PBXFileReference; lastKnownFileType = file.storyboard; name = Base; path = Base.lproj/Main.storyboard; sourceTree = "<group>"; };
		E347919023015D7100996560 /* Assets.xcassets */ = {isa = PBXFileReference; lastKnownFileType = folder.assetcatalog; path = Assets.xcassets; sourceTree = "<group>"; };
		E347919323015D7100996560 /* Base */ = {isa = PBXFileReference; lastKnownFileType = file.storyboard; name = Base; path = Base.lproj/LaunchScreen.storyboard; sourceTree = "<group>"; };
		E347919523015D7100996560 /* Info.plist */ = {isa = PBXFileReference; lastKnownFileType = text.plist.xml; path = Info.plist; sourceTree = "<group>"; };
		E347919A23015D7100996560 /* DBPSampleAppTests.xctest */ = {isa = PBXFileReference; explicitFileType = wrapper.cfbundle; includeInIndex = 0; path = DBPSampleAppTests.xctest; sourceTree = BUILT_PRODUCTS_DIR; };
		E347919E23015D7100996560 /* DBPSampleAppTests.swift */ = {isa = PBXFileReference; lastKnownFileType = sourcecode.swift; path = DBPSampleAppTests.swift; sourceTree = "<group>"; };
		E34791A023015D7100996560 /* Info.plist */ = {isa = PBXFileReference; lastKnownFileType = text.plist.xml; path = Info.plist; sourceTree = "<group>"; };
		E34791A523015D7100996560 /* DBPSampleAppUITests.xctest */ = {isa = PBXFileReference; explicitFileType = wrapper.cfbundle; includeInIndex = 0; path = DBPSampleAppUITests.xctest; sourceTree = BUILT_PRODUCTS_DIR; };
		E34791A923015D7100996560 /* DBPSampleAppUITests.swift */ = {isa = PBXFileReference; lastKnownFileType = sourcecode.swift; path = DBPSampleAppUITests.swift; sourceTree = "<group>"; };
		E34791AB23015D7100996560 /* Info.plist */ = {isa = PBXFileReference; lastKnownFileType = text.plist.xml; path = Info.plist; sourceTree = "<group>"; };
		E390D6AE2301944F00C70F98 /* Constants.swift */ = {isa = PBXFileReference; lastKnownFileType = sourcecode.swift; path = Constants.swift; sourceTree = "<group>"; };
/* End PBXFileReference section */

/* Begin PBXFrameworksBuildPhase section */
		E347918123015D6F00996560 /* Frameworks */ = {
			isa = PBXFrameworksBuildPhase;
			buildActionMask = 2147483647;
			files = (
			);
			runOnlyForDeploymentPostprocessing = 0;
		};
		E347919723015D7100996560 /* Frameworks */ = {
			isa = PBXFrameworksBuildPhase;
			buildActionMask = 2147483647;
			files = (
			);
			runOnlyForDeploymentPostprocessing = 0;
		};
		E34791A223015D7100996560 /* Frameworks */ = {
			isa = PBXFrameworksBuildPhase;
			buildActionMask = 2147483647;
			files = (
			);
			runOnlyForDeploymentPostprocessing = 0;
		};
/* End PBXFrameworksBuildPhase section */

/* Begin PBXGroup section */
		B90AF5B1234E041800EC7705 /* Services */ = {
			isa = PBXGroup;
			children = (
				B9F0C57F234C84F60062B812 /* ApplicationScheme */,
				B90AF5B2234E041F00EC7705 /* AuthenticationService */,
			);
			path = Services;
			sourceTree = "<group>";
		};
		B90AF5B2234E041F00EC7705 /* AuthenticationService */ = {
			isa = PBXGroup;
			children = (
				B90AF5B4234E04B200EC7705 /* AuthenticationParameters.swift */,
				B90AF5AF234E041400EC7705 /* AuthenticationService.swift */,
			);
			path = AuthenticationService;
			sourceTree = "<group>";
		};
		B90AF5B3234E043B00EC7705 /* Screens */ = {
			isa = PBXGroup;
			children = (
				B98D87E6234C706600BC0259 /* LoginScreen */,
				B9F0C585234CDC960062B812 /* AdvancedSettingsScreen */,
				B9834ECF234E541700D6AB2A /* AuthenticatedScreen */,
			);
			path = Screens;
			sourceTree = "<group>";
		};
		B9834ECF234E541700D6AB2A /* AuthenticatedScreen */ = {
			isa = PBXGroup;
			children = (
				B9834ECD234E541300D6AB2A /* AuthenticatedViewController.swift */,
				B936CA9B234E5903006F0945 /* AuthenticatedPresenter.swift */,
			);
			path = AuthenticatedScreen;
			sourceTree = "<group>";
		};
		B9834ED0234E553700D6AB2A /* UI Helpers */ = {
			isa = PBXGroup;
			children = (
				B9834ECB234E2FAD00D6AB2A /* UIViewController+Helpers.swift */,
			);
			path = "UI Helpers";
			sourceTree = "<group>";
		};
		B98D87E5234C705100BC0259 /* Localization */ = {
			isa = PBXGroup;
			children = (
				B98D87E9234C710E00BC0259 /* LocalizationConstants.swift */,
				B98D87E4234C704A00BC0259 /* Localizable.strings */,
			);
			path = Localization;
			sourceTree = "<group>";
		};
		B98D87E6234C706600BC0259 /* LoginScreen */ = {
			isa = PBXGroup;
			children = (
				B98D87DC234C6A5F00BC0259 /* LoginViewController.swift */,
				B98D87DE234C6AA400BC0259 /* LoginPresenter.swift */,
			);
			path = LoginScreen;
			sourceTree = "<group>";
		};
		B98D87E7234C70A400BC0259 /* Supporting Files */ = {
			isa = PBXGroup;
			children = (
				B9F0C580234C87D30062B812 /* Resources */,
				E347919523015D7100996560 /* Info.plist */,
			);
			path = "Supporting Files";
			sourceTree = "<group>";
		};
		B98D87E8234C70B600BC0259 /* Storyboard */ = {
			isa = PBXGroup;
			children = (
				E347918D23015D6F00996560 /* Main.storyboard */,
			);
			path = Storyboard;
			sourceTree = "<group>";
		};
		B9F0C57F234C84F60062B812 /* ApplicationScheme */ = {
			isa = PBXGroup;
			children = (
				B9F0C57D234C84F00062B812 /* ApplicationScheme.swift */,
			);
			path = ApplicationScheme;
			sourceTree = "<group>";
		};
		B9F0C580234C87D30062B812 /* Resources */ = {
			isa = PBXGroup;
			children = (
				B9F0C581234C87F60062B812 /* Muli-Regular.ttf */,
				E347919223015D7100996560 /* LaunchScreen.storyboard */,
				E347919023015D7100996560 /* Assets.xcassets */,
			);
			path = Resources;
			sourceTree = "<group>";
		};
		B9F0C585234CDC960062B812 /* AdvancedSettingsScreen */ = {
			isa = PBXGroup;
			children = (
				B90AF5AD234DFD5D00EC7705 /* AdvancedSettingsViewController.swift */,
				B9F0C586234CDCB50062B812 /* AdvancedSettingsPresenter.swift */,
			);
			path = AdvancedSettingsScreen;
			sourceTree = "<group>";
		};
		E347917B23015D6F00996560 = {
			isa = PBXGroup;
			children = (
				E347918623015D6F00996560 /* DBPSampleApp */,
				E347919D23015D7100996560 /* DBPSampleAppTests */,
				E34791A823015D7100996560 /* DBPSampleAppUITests */,
				E347918523015D6F00996560 /* Products */,
				E34791B723015DF600996560 /* Frameworks */,
			);
			sourceTree = "<group>";
		};
		E347918523015D6F00996560 /* Products */ = {
			isa = PBXGroup;
			children = (
				E347918423015D6F00996560 /* DBPSampleApp.app */,
				E347919A23015D7100996560 /* DBPSampleAppTests.xctest */,
				E34791A523015D7100996560 /* DBPSampleAppUITests.xctest */,
			);
			name = Products;
			sourceTree = "<group>";
		};
		E347918623015D6F00996560 /* DBPSampleApp */ = {
			isa = PBXGroup;
			children = (
				E390D6AE2301944F00C70F98 /* Constants.swift */,
				E347918723015D6F00996560 /* AppDelegate.swift */,
				E347918923015D6F00996560 /* SceneDelegate.swift */,
				B98D87E8234C70B600BC0259 /* Storyboard */,
				B9834ED0234E553700D6AB2A /* UI Helpers */,
				B90AF5B3234E043B00EC7705 /* Screens */,
				B90AF5B1234E041800EC7705 /* Services */,
				B98D87E5234C705100BC0259 /* Localization */,
				B98D87E7234C70A400BC0259 /* Supporting Files */,
			);
			path = DBPSampleApp;
			sourceTree = "<group>";
		};
		E347919D23015D7100996560 /* DBPSampleAppTests */ = {
			isa = PBXGroup;
			children = (
				E347919E23015D7100996560 /* DBPSampleAppTests.swift */,
				E34791A023015D7100996560 /* Info.plist */,
			);
			path = DBPSampleAppTests;
			sourceTree = "<group>";
		};
		E34791A823015D7100996560 /* DBPSampleAppUITests */ = {
			isa = PBXGroup;
			children = (
				E34791A923015D7100996560 /* DBPSampleAppUITests.swift */,
				E34791AB23015D7100996560 /* Info.plist */,
			);
			path = DBPSampleAppUITests;
			sourceTree = "<group>";
		};
		E34791B723015DF600996560 /* Frameworks */ = {
			isa = PBXGroup;
			children = (
				E3267D27233A367300ED429C /* XCTest.framework */,
			);
			name = Frameworks;
			sourceTree = "<group>";
		};
/* End PBXGroup section */

/* Begin PBXNativeTarget section */
		E347918323015D6F00996560 /* DBPSampleApp */ = {
			isa = PBXNativeTarget;
			buildConfigurationList = E34791AE23015D7100996560 /* Build configuration list for PBXNativeTarget "DBPSampleApp" */;
			buildPhases = (
				E347918023015D6F00996560 /* Sources */,
				E347918123015D6F00996560 /* Frameworks */,
				E347918223015D6F00996560 /* Resources */,
				E3103B042345D8FE00199CE0 /* Embed Frameworks */,
			);
			buildRules = (
			);
			dependencies = (
			);
			name = DBPSampleApp;
			productName = DBPSampleApp;
			productReference = E347918423015D6F00996560 /* DBPSampleApp.app */;
			productType = "com.apple.product-type.application";
		};
		E347919923015D7100996560 /* DBPSampleAppTests */ = {
			isa = PBXNativeTarget;
			buildConfigurationList = E34791B123015D7100996560 /* Build configuration list for PBXNativeTarget "DBPSampleAppTests" */;
			buildPhases = (
				E347919623015D7100996560 /* Sources */,
				E347919723015D7100996560 /* Frameworks */,
				E347919823015D7100996560 /* Resources */,
			);
			buildRules = (
			);
			dependencies = (
				E347919C23015D7100996560 /* PBXTargetDependency */,
			);
			name = DBPSampleAppTests;
			productName = DBPSampleAppTests;
			productReference = E347919A23015D7100996560 /* DBPSampleAppTests.xctest */;
			productType = "com.apple.product-type.bundle.unit-test";
		};
		E34791A423015D7100996560 /* DBPSampleAppUITests */ = {
			isa = PBXNativeTarget;
			buildConfigurationList = E34791B423015D7100996560 /* Build configuration list for PBXNativeTarget "DBPSampleAppUITests" */;
			buildPhases = (
				E34791A123015D7100996560 /* Sources */,
				E34791A223015D7100996560 /* Frameworks */,
				E34791A323015D7100996560 /* Resources */,
			);
			buildRules = (
			);
			dependencies = (
				E34791A723015D7100996560 /* PBXTargetDependency */,
			);
			name = DBPSampleAppUITests;
			productName = DBPSampleAppUITests;
			productReference = E34791A523015D7100996560 /* DBPSampleAppUITests.xctest */;
			productType = "com.apple.product-type.bundle.ui-testing";
		};
/* End PBXNativeTarget section */

/* Begin PBXProject section */
		E347917C23015D6F00996560 /* Project object */ = {
			isa = PBXProject;
			attributes = {
				LastSwiftUpdateCheck = 1100;
				LastUpgradeCheck = 1100;
				ORGANIZATIONNAME = Alfresco;
				TargetAttributes = {
					E347918323015D6F00996560 = {
						CreatedOnToolsVersion = 11.0;
					};
					E347919923015D7100996560 = {
						CreatedOnToolsVersion = 11.0;
						TestTargetID = E347918323015D6F00996560;
					};
					E34791A423015D7100996560 = {
						CreatedOnToolsVersion = 11.0;
						TestTargetID = E347918323015D6F00996560;
					};
				};
			};
			buildConfigurationList = E347917F23015D6F00996560 /* Build configuration list for PBXProject "DBPSampleApp" */;
			compatibilityVersion = "Xcode 9.3";
			developmentRegion = en;
			hasScannedForEncodings = 0;
			knownRegions = (
				en,
				Base,
			);
			mainGroup = E347917B23015D6F00996560;
			productRefGroup = E347918523015D6F00996560 /* Products */;
			projectDirPath = "";
			projectRoot = "";
			targets = (
				E347918323015D6F00996560 /* DBPSampleApp */,
				E347919923015D7100996560 /* DBPSampleAppTests */,
				E34791A423015D7100996560 /* DBPSampleAppUITests */,
			);
		};
/* End PBXProject section */

/* Begin PBXResourcesBuildPhase section */
		E347918223015D6F00996560 /* Resources */ = {
			isa = PBXResourcesBuildPhase;
			buildActionMask = 2147483647;
			files = (
				E347919423015D7100996560 /* LaunchScreen.storyboard in Resources */,
				B98D87E2234C704A00BC0259 /* Localizable.strings in Resources */,
				E347919123015D7100996560 /* Assets.xcassets in Resources */,
				B9F0C582234C87F60062B812 /* Muli-Regular.ttf in Resources */,
				E347918F23015D6F00996560 /* Main.storyboard in Resources */,
			);
			runOnlyForDeploymentPostprocessing = 0;
		};
		E347919823015D7100996560 /* Resources */ = {
			isa = PBXResourcesBuildPhase;
			buildActionMask = 2147483647;
			files = (
			);
			runOnlyForDeploymentPostprocessing = 0;
		};
		E34791A323015D7100996560 /* Resources */ = {
			isa = PBXResourcesBuildPhase;
			buildActionMask = 2147483647;
			files = (
			);
			runOnlyForDeploymentPostprocessing = 0;
		};
/* End PBXResourcesBuildPhase section */

/* Begin PBXSourcesBuildPhase section */
		E347918023015D6F00996560 /* Sources */ = {
			isa = PBXSourcesBuildPhase;
			buildActionMask = 2147483647;
			files = (
				B90AF5AE234DFD5D00EC7705 /* AdvancedSettingsViewController.swift in Sources */,
				B98D87DF234C6AA400BC0259 /* LoginPresenter.swift in Sources */,
				B9834ECE234E541300D6AB2A /* AuthenticatedViewController.swift in Sources */,
				B936CA9C234E5903006F0945 /* AuthenticatedPresenter.swift in Sources */,
				B90AF5B0234E041400EC7705 /* AuthenticationService.swift in Sources */,
				B98D87EA234C710E00BC0259 /* LocalizationConstants.swift in Sources */,
				B90AF5B5234E04B200EC7705 /* AuthenticationParameters.swift in Sources */,
				B9F0C57E234C84F00062B812 /* ApplicationScheme.swift in Sources */,
				E347918823015D6F00996560 /* AppDelegate.swift in Sources */,
				E347918A23015D6F00996560 /* SceneDelegate.swift in Sources */,
				B98D87DD234C6A5F00BC0259 /* LoginViewController.swift in Sources */,
				E390D6AF2301944F00C70F98 /* Constants.swift in Sources */,
				B9F0C587234CDCB50062B812 /* AdvancedSettingsPresenter.swift in Sources */,
				B9834ECC234E2FAD00D6AB2A /* UIViewController+Helpers.swift in Sources */,
			);
			runOnlyForDeploymentPostprocessing = 0;
		};
		E347919623015D7100996560 /* Sources */ = {
			isa = PBXSourcesBuildPhase;
			buildActionMask = 2147483647;
			files = (
				E347919F23015D7100996560 /* DBPSampleAppTests.swift in Sources */,
			);
			runOnlyForDeploymentPostprocessing = 0;
		};
		E34791A123015D7100996560 /* Sources */ = {
			isa = PBXSourcesBuildPhase;
			buildActionMask = 2147483647;
			files = (
				E34791AA23015D7100996560 /* DBPSampleAppUITests.swift in Sources */,
			);
			runOnlyForDeploymentPostprocessing = 0;
		};
/* End PBXSourcesBuildPhase section */

/* Begin PBXTargetDependency section */
		E347919C23015D7100996560 /* PBXTargetDependency */ = {
			isa = PBXTargetDependency;
			target = E347918323015D6F00996560 /* DBPSampleApp */;
			targetProxy = E347919B23015D7100996560 /* PBXContainerItemProxy */;
		};
		E34791A723015D7100996560 /* PBXTargetDependency */ = {
			isa = PBXTargetDependency;
			target = E347918323015D6F00996560 /* DBPSampleApp */;
			targetProxy = E34791A623015D7100996560 /* PBXContainerItemProxy */;
		};
/* End PBXTargetDependency section */

/* Begin PBXVariantGroup section */
		B98D87E4234C704A00BC0259 /* Localizable.strings */ = {
			isa = PBXVariantGroup;
			children = (
				B98D87E3234C704A00BC0259 /* en */,
			);
			name = Localizable.strings;
			sourceTree = "<group>";
		};
		E347918D23015D6F00996560 /* Main.storyboard */ = {
			isa = PBXVariantGroup;
			children = (
				E347918E23015D6F00996560 /* Base */,
			);
			name = Main.storyboard;
			sourceTree = "<group>";
		};
		E347919223015D7100996560 /* LaunchScreen.storyboard */ = {
			isa = PBXVariantGroup;
			children = (
				E347919323015D7100996560 /* Base */,
			);
			name = LaunchScreen.storyboard;
			sourceTree = "<group>";
		};
/* End PBXVariantGroup section */

/* Begin XCBuildConfiguration section */
		E34791AC23015D7100996560 /* Debug */ = {
			isa = XCBuildConfiguration;
			buildSettings = {
				ALWAYS_SEARCH_USER_PATHS = NO;
				CLANG_ANALYZER_NONNULL = YES;
				CLANG_ANALYZER_NUMBER_OBJECT_CONVERSION = YES_AGGRESSIVE;
				CLANG_CXX_LANGUAGE_STANDARD = "gnu++14";
				CLANG_CXX_LIBRARY = "libc++";
				CLANG_ENABLE_MODULES = YES;
				CLANG_ENABLE_OBJC_ARC = YES;
				CLANG_ENABLE_OBJC_WEAK = YES;
				CLANG_WARN_BLOCK_CAPTURE_AUTORELEASING = YES;
				CLANG_WARN_BOOL_CONVERSION = YES;
				CLANG_WARN_COMMA = YES;
				CLANG_WARN_CONSTANT_CONVERSION = YES;
				CLANG_WARN_DEPRECATED_OBJC_IMPLEMENTATIONS = YES;
				CLANG_WARN_DIRECT_OBJC_ISA_USAGE = YES_ERROR;
				CLANG_WARN_DOCUMENTATION_COMMENTS = YES;
				CLANG_WARN_EMPTY_BODY = YES;
				CLANG_WARN_ENUM_CONVERSION = YES;
				CLANG_WARN_INFINITE_RECURSION = YES;
				CLANG_WARN_INT_CONVERSION = YES;
				CLANG_WARN_NON_LITERAL_NULL_CONVERSION = YES;
				CLANG_WARN_OBJC_IMPLICIT_RETAIN_SELF = YES;
				CLANG_WARN_OBJC_LITERAL_CONVERSION = YES;
				CLANG_WARN_OBJC_ROOT_CLASS = YES_ERROR;
				CLANG_WARN_RANGE_LOOP_ANALYSIS = YES;
				CLANG_WARN_STRICT_PROTOTYPES = YES;
				CLANG_WARN_SUSPICIOUS_MOVE = YES;
				CLANG_WARN_UNGUARDED_AVAILABILITY = YES_AGGRESSIVE;
				CLANG_WARN_UNREACHABLE_CODE = YES;
				CLANG_WARN__DUPLICATE_METHOD_MATCH = YES;
				COPY_PHASE_STRIP = NO;
				DEBUG_INFORMATION_FORMAT = dwarf;
				ENABLE_STRICT_OBJC_MSGSEND = YES;
				ENABLE_TESTABILITY = YES;
				GCC_C_LANGUAGE_STANDARD = gnu11;
				GCC_DYNAMIC_NO_PIC = NO;
				GCC_NO_COMMON_BLOCKS = YES;
				GCC_OPTIMIZATION_LEVEL = 0;
				GCC_PREPROCESSOR_DEFINITIONS = (
					"$(inherited)",
					"DEBUG=1",
				);
				GCC_WARN_64_TO_32_BIT_CONVERSION = YES;
				GCC_WARN_ABOUT_RETURN_TYPE = YES_ERROR;
				GCC_WARN_UNDECLARED_SELECTOR = YES;
				GCC_WARN_UNINITIALIZED_AUTOS = YES_AGGRESSIVE;
				GCC_WARN_UNUSED_FUNCTION = YES;
				GCC_WARN_UNUSED_VARIABLE = YES;
				IPHONEOS_DEPLOYMENT_TARGET = 13.0;
				MTL_ENABLE_DEBUG_INFO = INCLUDE_SOURCE;
				MTL_FAST_MATH = YES;
				ONLY_ACTIVE_ARCH = YES;
				SDKROOT = iphoneos;
				SWIFT_ACTIVE_COMPILATION_CONDITIONS = DEBUG;
				SWIFT_OPTIMIZATION_LEVEL = "-Onone";
				VALID_ARCHS = "arm64 arm64e armv7 armv7s";
			};
			name = Debug;
		};
		E34791AD23015D7100996560 /* Release */ = {
			isa = XCBuildConfiguration;
			buildSettings = {
				ALWAYS_SEARCH_USER_PATHS = NO;
				CLANG_ANALYZER_NONNULL = YES;
				CLANG_ANALYZER_NUMBER_OBJECT_CONVERSION = YES_AGGRESSIVE;
				CLANG_CXX_LANGUAGE_STANDARD = "gnu++14";
				CLANG_CXX_LIBRARY = "libc++";
				CLANG_ENABLE_MODULES = YES;
				CLANG_ENABLE_OBJC_ARC = YES;
				CLANG_ENABLE_OBJC_WEAK = YES;
				CLANG_WARN_BLOCK_CAPTURE_AUTORELEASING = YES;
				CLANG_WARN_BOOL_CONVERSION = YES;
				CLANG_WARN_COMMA = YES;
				CLANG_WARN_CONSTANT_CONVERSION = YES;
				CLANG_WARN_DEPRECATED_OBJC_IMPLEMENTATIONS = YES;
				CLANG_WARN_DIRECT_OBJC_ISA_USAGE = YES_ERROR;
				CLANG_WARN_DOCUMENTATION_COMMENTS = YES;
				CLANG_WARN_EMPTY_BODY = YES;
				CLANG_WARN_ENUM_CONVERSION = YES;
				CLANG_WARN_INFINITE_RECURSION = YES;
				CLANG_WARN_INT_CONVERSION = YES;
				CLANG_WARN_NON_LITERAL_NULL_CONVERSION = YES;
				CLANG_WARN_OBJC_IMPLICIT_RETAIN_SELF = YES;
				CLANG_WARN_OBJC_LITERAL_CONVERSION = YES;
				CLANG_WARN_OBJC_ROOT_CLASS = YES_ERROR;
				CLANG_WARN_RANGE_LOOP_ANALYSIS = YES;
				CLANG_WARN_STRICT_PROTOTYPES = YES;
				CLANG_WARN_SUSPICIOUS_MOVE = YES;
				CLANG_WARN_UNGUARDED_AVAILABILITY = YES_AGGRESSIVE;
				CLANG_WARN_UNREACHABLE_CODE = YES;
				CLANG_WARN__DUPLICATE_METHOD_MATCH = YES;
				COPY_PHASE_STRIP = NO;
				DEBUG_INFORMATION_FORMAT = "dwarf-with-dsym";
				ENABLE_NS_ASSERTIONS = NO;
				ENABLE_STRICT_OBJC_MSGSEND = YES;
				GCC_C_LANGUAGE_STANDARD = gnu11;
				GCC_NO_COMMON_BLOCKS = YES;
				GCC_WARN_64_TO_32_BIT_CONVERSION = YES;
				GCC_WARN_ABOUT_RETURN_TYPE = YES_ERROR;
				GCC_WARN_UNDECLARED_SELECTOR = YES;
				GCC_WARN_UNINITIALIZED_AUTOS = YES_AGGRESSIVE;
				GCC_WARN_UNUSED_FUNCTION = YES;
				GCC_WARN_UNUSED_VARIABLE = YES;
				IPHONEOS_DEPLOYMENT_TARGET = 13.0;
				MTL_ENABLE_DEBUG_INFO = NO;
				MTL_FAST_MATH = YES;
				ONLY_ACTIVE_ARCH = NO;
				SDKROOT = iphoneos;
				SWIFT_COMPILATION_MODE = wholemodule;
				SWIFT_OPTIMIZATION_LEVEL = "-O";
				VALIDATE_PRODUCT = YES;
				VALID_ARCHS = "arm64 arm64e armv7 armv7s";
			};
			name = Release;
		};
		E34791AF23015D7100996560 /* Debug */ = {
			isa = XCBuildConfiguration;
			buildSettings = {
				ASSETCATALOG_COMPILER_APPICON_NAME = AppIcon;
				CODE_SIGN_STYLE = Automatic;
				DEVELOPMENT_TEAM = W8N95J537P;
				FRAMEWORK_SEARCH_PATHS = "$(inherited)";
				INFOPLIST_FILE = "DBPSampleApp/Supporting Files/Info.plist";
				IPHONEOS_DEPLOYMENT_TARGET = 13.0;
				LD_RUNPATH_SEARCH_PATHS = (
					"$(inherited)",
					"@executable_path/Frameworks",
				);
				ONLY_ACTIVE_ARCH = YES;
				PRODUCT_BUNDLE_IDENTIFIER = com.alfresco.mobile.DBPSampleApp;
				PRODUCT_NAME = "$(TARGET_NAME)";
				SWIFT_VERSION = 5.0;
				TARGETED_DEVICE_FAMILY = "1,2";
				VALID_ARCHS = "arm64 arm64e armv7 armv7s";
			};
			name = Debug;
		};
		E34791B023015D7100996560 /* Release */ = {
			isa = XCBuildConfiguration;
			buildSettings = {
				ASSETCATALOG_COMPILER_APPICON_NAME = AppIcon;
				CODE_SIGN_STYLE = Automatic;
				DEVELOPMENT_TEAM = W8N95J537P;
				FRAMEWORK_SEARCH_PATHS = "$(inherited)";
				INFOPLIST_FILE = "DBPSampleApp/Supporting Files/Info.plist";
				IPHONEOS_DEPLOYMENT_TARGET = 13.0;
				LD_RUNPATH_SEARCH_PATHS = (
					"$(inherited)",
					"@executable_path/Frameworks",
				);
				ONLY_ACTIVE_ARCH = NO;
				PRODUCT_BUNDLE_IDENTIFIER = com.alfresco.mobile.DBPSampleApp;
				PRODUCT_NAME = "$(TARGET_NAME)";
				SWIFT_VERSION = 5.0;
				TARGETED_DEVICE_FAMILY = "1,2";
				VALID_ARCHS = "arm64 arm64e armv7 armv7s";
			};
			name = Release;
		};
		E34791B223015D7100996560 /* Debug */ = {
			isa = XCBuildConfiguration;
			buildSettings = {
				ALWAYS_EMBED_SWIFT_STANDARD_LIBRARIES = "$(inherited)";
				BUNDLE_LOADER = "$(TEST_HOST)";
				CODE_SIGN_STYLE = Automatic;
				DEVELOPMENT_TEAM = W8N95J537P;
				INFOPLIST_FILE = DBPSampleAppTests/Info.plist;
				LD_RUNPATH_SEARCH_PATHS = (
					"$(inherited)",
					"@executable_path/Frameworks",
					"@loader_path/Frameworks",
				);
				PRODUCT_BUNDLE_IDENTIFIER = com.alfresco.mobile.DBPSampleAppTests;
				PRODUCT_NAME = "$(TARGET_NAME)";
				SWIFT_VERSION = 5.0;
				TARGETED_DEVICE_FAMILY = "1,2";
				TEST_HOST = "$(BUILT_PRODUCTS_DIR)/DBPSampleApp.app/DBPSampleApp";
			};
			name = Debug;
		};
		E34791B323015D7100996560 /* Release */ = {
			isa = XCBuildConfiguration;
			buildSettings = {
				ALWAYS_EMBED_SWIFT_STANDARD_LIBRARIES = "$(inherited)";
				BUNDLE_LOADER = "$(TEST_HOST)";
				CODE_SIGN_STYLE = Automatic;
				DEVELOPMENT_TEAM = W8N95J537P;
				INFOPLIST_FILE = DBPSampleAppTests/Info.plist;
				LD_RUNPATH_SEARCH_PATHS = (
					"$(inherited)",
					"@executable_path/Frameworks",
					"@loader_path/Frameworks",
				);
				PRODUCT_BUNDLE_IDENTIFIER = com.alfresco.mobile.DBPSampleAppTests;
				PRODUCT_NAME = "$(TARGET_NAME)";
				SWIFT_VERSION = 5.0;
				TARGETED_DEVICE_FAMILY = "1,2";
				TEST_HOST = "$(BUILT_PRODUCTS_DIR)/DBPSampleApp.app/DBPSampleApp";
			};
			name = Release;
		};
		E34791B523015D7100996560 /* Debug */ = {
			isa = XCBuildConfiguration;
			buildSettings = {
				ALWAYS_EMBED_SWIFT_STANDARD_LIBRARIES = "$(inherited)";
				CODE_SIGN_STYLE = Automatic;
				DEVELOPMENT_TEAM = W8N95J537P;
				INFOPLIST_FILE = DBPSampleAppUITests/Info.plist;
				LD_RUNPATH_SEARCH_PATHS = (
					"$(inherited)",
					"@executable_path/Frameworks",
					"@loader_path/Frameworks",
				);
				PRODUCT_BUNDLE_IDENTIFIER = com.alfresco.mobile.DBPSampleAppUITests;
				PRODUCT_NAME = "$(TARGET_NAME)";
				SWIFT_VERSION = 5.0;
				TARGETED_DEVICE_FAMILY = "1,2";
				TEST_TARGET_NAME = DBPSampleApp;
			};
			name = Debug;
		};
		E34791B623015D7100996560 /* Release */ = {
			isa = XCBuildConfiguration;
			buildSettings = {
				ALWAYS_EMBED_SWIFT_STANDARD_LIBRARIES = "$(inherited)";
				CODE_SIGN_STYLE = Automatic;
				DEVELOPMENT_TEAM = W8N95J537P;
				INFOPLIST_FILE = DBPSampleAppUITests/Info.plist;
				LD_RUNPATH_SEARCH_PATHS = (
					"$(inherited)",
					"@executable_path/Frameworks",
					"@loader_path/Frameworks",
				);
				PRODUCT_BUNDLE_IDENTIFIER = com.alfresco.mobile.DBPSampleAppUITests;
				PRODUCT_NAME = "$(TARGET_NAME)";
				SWIFT_VERSION = 5.0;
				TARGETED_DEVICE_FAMILY = "1,2";
				TEST_TARGET_NAME = DBPSampleApp;
			};
			name = Release;
		};
/* End XCBuildConfiguration section */

/* Begin XCConfigurationList section */
		E347917F23015D6F00996560 /* Build configuration list for PBXProject "DBPSampleApp" */ = {
			isa = XCConfigurationList;
			buildConfigurations = (
				E34791AC23015D7100996560 /* Debug */,
				E34791AD23015D7100996560 /* Release */,
			);
			defaultConfigurationIsVisible = 0;
			defaultConfigurationName = Release;
		};
		E34791AE23015D7100996560 /* Build configuration list for PBXNativeTarget "DBPSampleApp" */ = {
			isa = XCConfigurationList;
			buildConfigurations = (
				E34791AF23015D7100996560 /* Debug */,
				E34791B023015D7100996560 /* Release */,
			);
			defaultConfigurationIsVisible = 0;
			defaultConfigurationName = Release;
		};
		E34791B123015D7100996560 /* Build configuration list for PBXNativeTarget "DBPSampleAppTests" */ = {
			isa = XCConfigurationList;
			buildConfigurations = (
				E34791B223015D7100996560 /* Debug */,
				E34791B323015D7100996560 /* Release */,
			);
			defaultConfigurationIsVisible = 0;
			defaultConfigurationName = Release;
		};
		E34791B423015D7100996560 /* Build configuration list for PBXNativeTarget "DBPSampleAppUITests" */ = {
			isa = XCConfigurationList;
			buildConfigurations = (
				E34791B523015D7100996560 /* Debug */,
				E34791B623015D7100996560 /* Release */,
			);
			defaultConfigurationIsVisible = 0;
			defaultConfigurationName = Release;
		};
/* End XCConfigurationList section */
	};
	rootObject = E347917C23015D6F00996560 /* Project object */;
}
